// !$*UTF8*$!
{
	archiveVersion = 1;
	classes = {
	};
	objectVersion = 50;
	objects = {

/* Begin PBXBuildFile section */
		14055B04220AE6C300CB3B9C /* AppDelegate.swift in Sources */ = {isa = PBXBuildFile; fileRef = 14055B03220AE6C300CB3B9C /* AppDelegate.swift */; };
		14055B06220AE6C300CB3B9C /* ViewController.swift in Sources */ = {isa = PBXBuildFile; fileRef = 14055B05220AE6C300CB3B9C /* ViewController.swift */; };
		14055B09220AE6C300CB3B9C /* Main.storyboard in Resources */ = {isa = PBXBuildFile; fileRef = 14055B07220AE6C300CB3B9C /* Main.storyboard */; };
		14055B0B220AE6C300CB3B9C /* Assets.xcassets in Resources */ = {isa = PBXBuildFile; fileRef = 14055B0A220AE6C300CB3B9C /* Assets.xcassets */; };
		14055B0E220AE6C300CB3B9C /* LaunchScreen.storyboard in Resources */ = {isa = PBXBuildFile; fileRef = 14055B0C220AE6C300CB3B9C /* LaunchScreen.storyboard */; };
		14055B19220AE6C300CB3B9C /* FoodFinderTests.swift in Sources */ = {isa = PBXBuildFile; fileRef = 14055B18220AE6C300CB3B9C /* FoodFinderTests.swift */; };
/* End PBXBuildFile section */

/* Begin PBXContainerItemProxy section */
		14055B15220AE6C300CB3B9C /* PBXContainerItemProxy */ = {
			isa = PBXContainerItemProxy;
			containerPortal = 14055AF8220AE6C300CB3B9C /* Project object */;
			proxyType = 1;
			remoteGlobalIDString = 14055AFF220AE6C300CB3B9C;
			remoteInfo = FoodFinder;
		};
/* End PBXContainerItemProxy section */

/* Begin PBXFileReference section */
		14055B00220AE6C300CB3B9C /* FoodFinder.app */ = {isa = PBXFileReference; explicitFileType = wrapper.application; includeInIndex = 0; path = FoodFinder.app; sourceTree = BUILT_PRODUCTS_DIR; };
		14055B03220AE6C300CB3B9C /* AppDelegate.swift */ = {isa = PBXFileReference; lastKnownFileType = sourcecode.swift; path = AppDelegate.swift; sourceTree = "<group>"; };
		14055B05220AE6C300CB3B9C /* ViewController.swift */ = {isa = PBXFileReference; lastKnownFileType = sourcecode.swift; path = ViewController.swift; sourceTree = "<group>"; };
		14055B08220AE6C300CB3B9C /* Base */ = {isa = PBXFileReference; lastKnownFileType = file.storyboard; name = Base; path = Base.lproj/Main.storyboard; sourceTree = "<group>"; };
		14055B0A220AE6C300CB3B9C /* Assets.xcassets */ = {isa = PBXFileReference; lastKnownFileType = folder.assetcatalog; path = Assets.xcassets; sourceTree = "<group>"; };
		14055B0D220AE6C300CB3B9C /* Base */ = {isa = PBXFileReference; lastKnownFileType = file.storyboard; name = Base; path = Base.lproj/LaunchScreen.storyboard; sourceTree = "<group>"; };
		14055B0F220AE6C300CB3B9C /* Info.plist */ = {isa = PBXFileReference; lastKnownFileType = text.plist.xml; path = Info.plist; sourceTree = "<group>"; };
		14055B14220AE6C300CB3B9C /* FoodFinderTests.xctest */ = {isa = PBXFileReference; explicitFileType = wrapper.cfbundle; includeInIndex = 0; path = FoodFinderTests.xctest; sourceTree = BUILT_PRODUCTS_DIR; };
		14055B18220AE6C300CB3B9C /* FoodFinderTests.swift */ = {isa = PBXFileReference; lastKnownFileType = sourcecode.swift; path = FoodFinderTests.swift; sourceTree = "<group>"; };
		14055B1A220AE6C300CB3B9C /* Info.plist */ = {isa = PBXFileReference; lastKnownFileType = text.plist.xml; path = Info.plist; sourceTree = "<group>"; };
/* End PBXFileReference section */

/* Begin PBXFrameworksBuildPhase section */
		14055AFD220AE6C300CB3B9C /* Frameworks */ = {
			isa = PBXFrameworksBuildPhase;
			buildActionMask = 2147483647;
			files = (
			);
			runOnlyForDeploymentPostprocessing = 0;
		};
		14055B11220AE6C300CB3B9C /* Frameworks */ = {
			isa = PBXFrameworksBuildPhase;
			buildActionMask = 2147483647;
			files = (
			);
			runOnlyForDeploymentPostprocessing = 0;
		};
/* End PBXFrameworksBuildPhase section */

/* Begin PBXGroup section */
		14055AF7220AE6C300CB3B9C = {
			isa = PBXGroup;
			children = (
				14055B02220AE6C300CB3B9C /* FoodFinder */,
				14055B17220AE6C300CB3B9C /* FoodFinderTests */,
				14055B01220AE6C300CB3B9C /* Products */,
			);
			sourceTree = "<group>";
		};
		14055B01220AE6C300CB3B9C /* Products */ = {
			isa = PBXGroup;
			children = (
				14055B00220AE6C300CB3B9C /* FoodFinder.app */,
				14055B14220AE6C300CB3B9C /* FoodFinderTests.xctest */,
			);
			name = Products;
			sourceTree = "<group>";
		};
		14055B02220AE6C300CB3B9C /* FoodFinder */ = {
			isa = PBXGroup;
			children = (
				14055B03220AE6C300CB3B9C /* AppDelegate.swift */,
				14055B05220AE6C300CB3B9C /* ViewController.swift */,
				14055B07220AE6C300CB3B9C /* Main.storyboard */,
				14055B0A220AE6C300CB3B9C /* Assets.xcassets */,
				14055B0C220AE6C300CB3B9C /* LaunchScreen.storyboard */,
				14055B0F220AE6C300CB3B9C /* Info.plist */,
			);
			path = FoodFinder;
			sourceTree = "<group>";
		};
		14055B17220AE6C300CB3B9C /* FoodFinderTests */ = {
			isa = PBXGroup;
			children = (
				14055B18220AE6C300CB3B9C /* FoodFinderTests.swift */,
				14055B1A220AE6C300CB3B9C /* Info.plist */,
			);
			path = FoodFinderTests;
			sourceTree = "<group>";
		};
/* End PBXGroup section */

/* Begin PBXNativeTarget section */
		14055AFF220AE6C300CB3B9C /* FoodFinder */ = {
			isa = PBXNativeTarget;
			buildConfigurationList = 14055B1D220AE6C300CB3B9C /* Build configuration list for PBXNativeTarget "FoodFinder" */;
			buildPhases = (
				14055AFC220AE6C300CB3B9C /* Sources */,
				14055AFD220AE6C300CB3B9C /* Frameworks */,
				14055AFE220AE6C300CB3B9C /* Resources */,
			);
			buildRules = (
			);
			dependencies = (
			);
			name = FoodFinder;
			productName = FoodFinder;
			productReference = 14055B00220AE6C300CB3B9C /* FoodFinder.app */;
			productType = "com.apple.product-type.application";
		};
		14055B13220AE6C300CB3B9C /* FoodFinderTests */ = {
			isa = PBXNativeTarget;
			buildConfigurationList = 14055B20220AE6C300CB3B9C /* Build configuration list for PBXNativeTarget "FoodFinderTests" */;
			buildPhases = (
				14055B10220AE6C300CB3B9C /* Sources */,
				14055B11220AE6C300CB3B9C /* Frameworks */,
				14055B12220AE6C300CB3B9C /* Resources */,
			);
			buildRules = (
			);
			dependencies = (
				14055B16220AE6C300CB3B9C /* PBXTargetDependency */,
			);
			name = FoodFinderTests;
			productName = FoodFinderTests;
			productReference = 14055B14220AE6C300CB3B9C /* FoodFinderTests.xctest */;
			productType = "com.apple.product-type.bundle.unit-test";
		};
/* End PBXNativeTarget section */

/* Begin PBXProject section */
		14055AF8220AE6C300CB3B9C /* Project object */ = {
			isa = PBXProject;
			attributes = {
				LastSwiftUpdateCheck = 1000;
				LastUpgradeCheck = 1000;
				ORGANIZATIONNAME = "Ahmed Askar";
				TargetAttributes = {
					14055AFF220AE6C300CB3B9C = {
						CreatedOnToolsVersion = 10.0;
					};
					14055B13220AE6C300CB3B9C = {
						CreatedOnToolsVersion = 10.0;
						TestTargetID = 14055AFF220AE6C300CB3B9C;
					};
				};
			};
			buildConfigurationList = 14055AFB220AE6C300CB3B9C /* Build configuration list for PBXProject "FoodFinder" */;
			compatibilityVersion = "Xcode 9.3";
			developmentRegion = en;
			hasScannedForEncodings = 0;
			knownRegions = (
				en,
				Base,
			);
			mainGroup = 14055AF7220AE6C300CB3B9C;
			productRefGroup = 14055B01220AE6C300CB3B9C /* Products */;
			projectDirPath = "";
			projectRoot = "";
			targets = (
				14055AFF220AE6C300CB3B9C /* FoodFinder */,
				14055B13220AE6C300CB3B9C /* FoodFinderTests */,
			);
		};
/* End PBXProject section */

/* Begin PBXResourcesBuildPhase section */
		14055AFE220AE6C300CB3B9C /* Resources */ = {
			isa = PBXResourcesBuildPhase;
			buildActionMask = 2147483647;
			files = (
				14055B0E220AE6C300CB3B9C /* LaunchScreen.storyboard in Resources */,
				14055B0B220AE6C300CB3B9C /* Assets.xcassets in Resources */,
				14055B09220AE6C300CB3B9C /* Main.storyboard in Resources */,
			);
			runOnlyForDeploymentPostprocessing = 0;
		};
		14055B12220AE6C300CB3B9C /* Resources */ = {
			isa = PBXResourcesBuildPhase;
			buildActionMask = 2147483647;
			files = (
			);
			runOnlyForDeploymentPostprocessing = 0;
		};
/* End PBXResourcesBuildPhase section */

/* Begin PBXSourcesBuildPhase section */
		14055AFC220AE6C300CB3B9C /* Sources */ = {
			isa = PBXSourcesBuildPhase;
			buildActionMask = 2147483647;
			files = (
				14055B06220AE6C300CB3B9C /* ViewController.swift in Sources */,
				14055B04220AE6C300CB3B9C /* AppDelegate.swift in Sources */,
			);
			runOnlyForDeploymentPostprocessing = 0;
		};
		14055B10220AE6C300CB3B9C /* Sources */ = {
			isa = PBXSourcesBuildPhase;
			buildActionMask = 2147483647;
			files = (
				14055B19220AE6C300CB3B9C /* FoodFinderTests.swift in Sources */,
			);
			runOnlyForDeploymentPostprocessing = 0;
		};
/* End PBXSourcesBuildPhase section */

/* Begin PBXTargetDependency section */
		14055B16220AE6C300CB3B9C /* PBXTargetDependency */ = {
			isa = PBXTargetDependency;
			target = 14055AFF220AE6C300CB3B9C /* FoodFinder */;
			targetProxy = 14055B15220AE6C300CB3B9C /* PBXContainerItemProxy */;
		};
/* End PBXTargetDependency section */

/* Begin PBXVariantGroup section */
		14055B07220AE6C300CB3B9C /* Main.storyboard */ = {
			isa = PBXVariantGroup;
			children = (
				14055B08220AE6C300CB3B9C /* Base */,
			);
			name = Main.storyboard;
			sourceTree = "<group>";
		};
		14055B0C220AE6C300CB3B9C /* LaunchScreen.storyboard */ = {
			isa = PBXVariantGroup;
			children = (
				14055B0D220AE6C300CB3B9C /* Base */,
			);
			name = LaunchScreen.storyboard;
			sourceTree = "<group>";
		};
/* End PBXVariantGroup section */

/* Begin XCBuildConfiguration section */
		14055B1B220AE6C300CB3B9C /* Debug */ = {
			isa = XCBuildConfiguration;
			buildSettings = {
				ALWAYS_SEARCH_USER_PATHS = NO;
				CLANG_ANALYZER_NONNULL = YES;
				CLANG_ANALYZER_NUMBER_OBJECT_CONVERSION = YES_AGGRESSIVE;
				CLANG_CXX_LANGUAGE_STANDARD = "gnu++14";
				CLANG_CXX_LIBRARY = "libc++";
				CLANG_ENABLE_MODULES = YES;
				CLANG_ENABLE_OBJC_ARC = YES;
				CLANG_ENABLE_OBJC_WEAK = YES;
				CLANG_WARN_BLOCK_CAPTURE_AUTORELEASING = YES;
				CLANG_WARN_BOOL_CONVERSION = YES;
				CLANG_WARN_COMMA = YES;
				CLANG_WARN_CONSTANT_CONVERSION = YES;
				CLANG_WARN_DEPRECATED_OBJC_IMPLEMENTATIONS = YES;
				CLANG_WARN_DIRECT_OBJC_ISA_USAGE = YES_ERROR;
				CLANG_WARN_DOCUMENTATION_COMMENTS = YES;
				CLANG_WARN_EMPTY_BODY = YES;
				CLANG_WARN_ENUM_CONVERSION = YES;
				CLANG_WARN_INFINITE_RECURSION = YES;
				CLANG_WARN_INT_CONVERSION = YES;
				CLANG_WARN_NON_LITERAL_NULL_CONVERSION = YES;
				CLANG_WARN_OBJC_IMPLICIT_RETAIN_SELF = YES;
				CLANG_WARN_OBJC_LITERAL_CONVERSION = YES;
				CLANG_WARN_OBJC_ROOT_CLASS = YES_ERROR;
				CLANG_WARN_RANGE_LOOP_ANALYSIS = YES;
				CLANG_WARN_STRICT_PROTOTYPES = YES;
				CLANG_WARN_SUSPICIOUS_MOVE = YES;
				CLANG_WARN_UNGUARDED_AVAILABILITY = YES_AGGRESSIVE;
				CLANG_WARN_UNREACHABLE_CODE = YES;
				CLANG_WARN__DUPLICATE_METHOD_MATCH = YES;
				CODE_SIGN_IDENTITY = "iPhone Developer";
				COPY_PHASE_STRIP = NO;
				DEBUG_INFORMATION_FORMAT = dwarf;
				ENABLE_STRICT_OBJC_MSGSEND = YES;
				ENABLE_TESTABILITY = YES;
				GCC_C_LANGUAGE_STANDARD = gnu11;
				GCC_DYNAMIC_NO_PIC = NO;
				GCC_NO_COMMON_BLOCKS = YES;
				GCC_OPTIMIZATION_LEVEL = 0;
				GCC_PREPROCESSOR_DEFINITIONS = (
					"DEBUG=1",
					"$(inherited)",
				);
				GCC_WARN_64_TO_32_BIT_CONVERSION = YES;
				GCC_WARN_ABOUT_RETURN_TYPE = YES_ERROR;
				GCC_WARN_UNDECLARED_SELECTOR = YES;
				GCC_WARN_UNINITIALIZED_AUTOS = YES_AGGRESSIVE;
				GCC_WARN_UNUSED_FUNCTION = YES;
				GCC_WARN_UNUSED_VARIABLE = YES;
				IPHONEOS_DEPLOYMENT_TARGET = 12.0;
				MTL_ENABLE_DEBUG_INFO = INCLUDE_SOURCE;
				MTL_FAST_MATH = YES;
				ONLY_ACTIVE_ARCH = YES;
				SDKROOT = iphoneos;
				SWIFT_ACTIVE_COMPILATION_CONDITIONS = DEBUG;
				SWIFT_OPTIMIZATION_LEVEL = "-Onone";
			};
			name = Debug;
		};
		14055B1C220AE6C300CB3B9C /* Release */ = {
			isa = XCBuildConfiguration;
			buildSettings = {
				ALWAYS_SEARCH_USER_PATHS = NO;
				CLANG_ANALYZER_NONNULL = YES;
				CLANG_ANALYZER_NUMBER_OBJECT_CONVERSION = YES_AGGRESSIVE;
				CLANG_CXX_LANGUAGE_STANDARD = "gnu++14";
				CLANG_CXX_LIBRARY = "libc++";
				CLANG_ENABLE_MODULES = YES;
				CLANG_ENABLE_OBJC_ARC = YES;
				CLANG_ENABLE_OBJC_WEAK = YES;
				CLANG_WARN_BLOCK_CAPTURE_AUTORELEASING = YES;
				CLANG_WARN_BOOL_CONVERSION = YES;
				CLANG_WARN_COMMA = YES;
				CLANG_WARN_CONSTANT_CONVERSION = YES;
				CLANG_WARN_DEPRECATED_OBJC_IMPLEMENTATIONS = YES;
				CLANG_WARN_DIRECT_OBJC_ISA_USAGE = YES_ERROR;
				CLANG_WARN_DOCUMENTATION_COMMENTS = YES;
				CLANG_WARN_EMPTY_BODY = YES;
				CLANG_WARN_ENUM_CONVERSION = YES;
				CLANG_WARN_INFINITE_RECURSION = YES;
				CLANG_WARN_INT_CONVERSION = YES;
				CLANG_WARN_NON_LITERAL_NULL_CONVERSION = YES;
				CLANG_WARN_OBJC_IMPLICIT_RETAIN_SELF = YES;
				CLANG_WARN_OBJC_LITERAL_CONVERSION = YES;
				CLANG_WARN_OBJC_ROOT_CLASS = YES_ERROR;
				CLANG_WARN_RANGE_LOOP_ANALYSIS = YES;
				CLANG_WARN_STRICT_PROTOTYPES = YES;
				CLANG_WARN_SUSPICIOUS_MOVE = YES;
				CLANG_WARN_UNGUARDED_AVAILABILITY = YES_AGGRESSIVE;
				CLANG_WARN_UNREACHABLE_CODE = YES;
				CLANG_WARN__DUPLICATE_METHOD_MATCH = YES;
				CODE_SIGN_IDENTITY = "iPhone Developer";
				COPY_PHASE_STRIP = NO;
				DEBUG_INFORMATION_FORMAT = "dwarf-with-dsym";
				ENABLE_NS_ASSERTIONS = NO;
				ENABLE_STRICT_OBJC_MSGSEND = YES;
				GCC_C_LANGUAGE_STANDARD = gnu11;
				GCC_NO_COMMON_BLOCKS = YES;
				GCC_WARN_64_TO_32_BIT_CONVERSION = YES;
				GCC_WARN_ABOUT_RETURN_TYPE = YES_ERROR;
				GCC_WARN_UNDECLARED_SELECTOR = YES;
				GCC_WARN_UNINITIALIZED_AUTOS = YES_AGGRESSIVE;
				GCC_WARN_UNUSED_FUNCTION = YES;
				GCC_WARN_UNUSED_VARIABLE = YES;
				IPHONEOS_DEPLOYMENT_TARGET = 12.0;
				MTL_ENABLE_DEBUG_INFO = NO;
				MTL_FAST_MATH = YES;
				SDKROOT = iphoneos;
				SWIFT_COMPILATION_MODE = wholemodule;
				SWIFT_OPTIMIZATION_LEVEL = "-O";
				VALIDATE_PRODUCT = YES;
			};
			name = Release;
		};
		14055B1E220AE6C300CB3B9C /* Debug */ = {
			isa = XCBuildConfiguration;
			buildSettings = {
				ASSETCATALOG_COMPILER_APPICON_NAME = AppIcon;
				CODE_SIGN_STYLE = Automatic;
				INFOPLIST_FILE = FoodFinder/Info.plist;
				LD_RUNPATH_SEARCH_PATHS = (
					"$(inherited)",
					"@executable_path/Frameworks",
				);
				PRODUCT_BUNDLE_IDENTIFIER = com.omnichannel.cmsclient.FoodFinder;
				PRODUCT_NAME = "$(TARGET_NAME)";
				SWIFT_VERSION = 4.2;
				TARGETED_DEVICE_FAMILY = "1,2";
			};
			name = Debug;
		};
		14055B1F220AE6C300CB3B9C /* Release */ = {
			isa = XCBuildConfiguration;
			buildSettings = {
				ASSETCATALOG_COMPILER_APPICON_NAME = AppIcon;
				CODE_SIGN_STYLE = Automatic;
				INFOPLIST_FILE = FoodFinder/Info.plist;
				LD_RUNPATH_SEARCH_PATHS = (
					"$(inherited)",
					"@executable_path/Frameworks",
				);
				PRODUCT_BUNDLE_IDENTIFIER = com.omnichannel.cmsclient.FoodFinder;
				PRODUCT_NAME = "$(TARGET_NAME)";
				SWIFT_VERSION = 4.2;
				TARGETED_DEVICE_FAMILY = "1,2";
			};
			name = Release;
		};
		14055B21220AE6C300CB3B9C /* Debug */ = {
			isa = XCBuildConfiguration;
			buildSettings = {
				ALWAYS_EMBED_SWIFT_STANDARD_LIBRARIES = YES;
				BUNDLE_LOADER = "$(TEST_HOST)";
				CODE_SIGN_STYLE = Automatic;
				INFOPLIST_FILE = FoodFinderTests/Info.plist;
				LD_RUNPATH_SEARCH_PATHS = (
					"$(inherited)",
					"@executable_path/Frameworks",
					"@loader_path/Frameworks",
				);
				PRODUCT_BUNDLE_IDENTIFIER = com.omnichannel.cmsclient.FoodFinderTests;
				PRODUCT_NAME = "$(TARGET_NAME)";
				SWIFT_VERSION = 4.2;
				TARGETED_DEVICE_FAMILY = "1,2";
				TEST_HOST = "$(BUILT_PRODUCTS_DIR)/FoodFinder.app/FoodFinder";
			};
			name = Debug;
		};
		14055B22220AE6C300CB3B9C /* Release */ = {
			isa = XCBuildConfiguration;
			buildSettings = {
				ALWAYS_EMBED_SWIFT_STANDARD_LIBRARIES = YES;
				BUNDLE_LOADER = "$(TEST_HOST)";
				CODE_SIGN_STYLE = Automatic;
				INFOPLIST_FILE = FoodFinderTests/Info.plist;
				LD_RUNPATH_SEARCH_PATHS = (
					"$(inherited)",
					"@executable_path/Frameworks",
					"@loader_path/Frameworks",
				);
				PRODUCT_BUNDLE_IDENTIFIER = com.omnichannel.cmsclient.FoodFinderTests;
				PRODUCT_NAME = "$(TARGET_NAME)";
				SWIFT_VERSION = 4.2;
				TARGETED_DEVICE_FAMILY = "1,2";
				TEST_HOST = "$(BUILT_PRODUCTS_DIR)/FoodFinder.app/FoodFinder";
			};
			name = Release;
		};
/* End XCBuildConfiguration section */

/* Begin XCConfigurationList section */
		14055AFB220AE6C300CB3B9C /* Build configuration list for PBXProject "FoodFinder" */ = {
			isa = XCConfigurationList;
			buildConfigurations = (
				14055B1B220AE6C300CB3B9C /* Debug */,
				14055B1C220AE6C300CB3B9C /* Release */,
			);
			defaultConfigurationIsVisible = 0;
			defaultConfigurationName = Release;
		};
		14055B1D220AE6C300CB3B9C /* Build configuration list for PBXNativeTarget "FoodFinder" */ = {
			isa = XCConfigurationList;
			buildConfigurations = (
				14055B1E220AE6C300CB3B9C /* Debug */,
				14055B1F220AE6C300CB3B9C /* Release */,
			);
			defaultConfigurationIsVisible = 0;
			defaultConfigurationName = Release;
		};
		14055B20220AE6C300CB3B9C /* Build configuration list for PBXNativeTarget "FoodFinderTests" */ = {
			isa = XCConfigurationList;
			buildConfigurations = (
				14055B21220AE6C300CB3B9C /* Debug */,
				14055B22220AE6C300CB3B9C /* Release */,
			);
			defaultConfigurationIsVisible = 0;
			defaultConfigurationName = Release;
		};
/* End XCConfigurationList section */
	};
	rootObject = 14055AF8220AE6C300CB3B9C /* Project object */;
}
